{
  "name": "lockethud-aiui",
  "version": "1.0.1",
  "lockfileVersion": 3,
  "requires": true,
  "packages": {
    "": {
      "name": "lockethud-aiui",
      "version": "1.0.1",
      "dependencies": {
        "@yodaos-pkg/ink": "0.14.0"
      },
      "devDependencies": {
        "@yodaos-pkg/aix": "0.6.0"
      },
      "engines": {
        "node": ">=20"
      }
    },
    "node_modules/@yodaos-pkg/aix": {
      "version": "0.6.0",
      "resolved": "https://registry.npmjs.org/@yodaos-pkg/aix/-/aix-0.6.0.tgz",
      "integrity": "sha512-8pM5v/Mp/wAdixT6oAcRa4r9eNhg9Wr3WUoiyxyZHm8VJqPDk1bdDPiki1lu7BvSjgdJSlTU8Ea4xc1a1xQoTQ==",
      "dev": true
    },
    "node_modules/@yodaos-pkg/ink": {
      "version": "0.14.0",
      "resolved": "https://registry.npmjs.org/@yodaos-pkg/ink/-/ink-0.14.0.tgz",
      "integrity": "sha512-jmTbj4wSgQthV5zk7FhavBbaMJlPwsy4QbQyqZwP7XUePbRhDWtHFwtSwfc15komhdZQpZWHeeohC5fGHa/Flg==",
      "license": "Apache-2.0"
    }
  }
}
